
Microsoft Visual Studio Solution File, Format Version 11.00
# Visual Studio 2010
Project("{FAE04EC0-301F-11D3-BF4B-00C04F79EFBC}") = "Assembly-CSharp", "Assembly-CSharp.csproj", "{0c5da572-b6a6-d5f4-f283-947c83307bc9}"
EndProject
Project("{FAE04EC0-301F-11D3-BF4B-00C04F79EFBC}") = "Oculus.VR", "Oculus.VR.csproj", "{b8e74a46-8c8d-5ca2-f839-04f3f13d9ae5}"
EndProject
Project("{FAE04EC0-301F-11D3-BF4B-00C04F79EFBC}") = "Assembly-CSharp-Editor", "Assembly-CSharp-Editor.csproj", "{29681f07-b317-bb45-8034-1d5a6446b8e8}"
EndProject
Project("{FAE04EC0-301F-11D3-BF4B-00C04F79EFBC}") = "Oculus.VR.Scripts.Editor", "Oculus.VR.Scripts.Editor.csproj", "{8fac0ff0-51eb-639a-ae67-939558b0e777}"
EndProject
Project("{FAE04EC0-301F-11D3-BF4B-00C04F79EFBC}") = "Oculus.VR.Editor", "Oculus.VR.Editor.csproj", "{9f9f8159-3068-4f3a-d6e3-1440833cda1f}"
EndProject
Global
	GlobalSection(SolutionConfigurationPlatforms) = preSolution
		Debug|Any CPU = Debug|Any CPU
		Release|Any CPU = Release|Any CPU
	EndGlobalSection
	GlobalSection(ProjectConfigurationPlatforms) = postSolution
		{0c5da572-b6a6-d5f4-f283-947c83307bc9}.Debug|Any CPU.ActiveCfg = Debug|Any CPU
		{0c5da572-b6a6-d5f4-f283-947c83307bc9}.Debug|Any CPU.Build.0 = Debug|Any CPU
		{0c5da572-b6a6-d5f4-f283-947c83307bc9}.Release|Any CPU.ActiveCfg = Release|Any CPU
		{0c5da572-b6a6-d5f4-f283-947c83307bc9}.Release|Any CPU.Build.0 = Release|Any CPU
		{b8e74a46-8c8d-5ca2-f839-04f3f13d9ae5}.Debug|Any CPU.ActiveCfg = Debug|Any CPU
		{b8e74a46-8c8d-5ca2-f839-04f3f13d9ae5}.Debug|Any CPU.Build.0 = Debug|Any CPU
		{b8e74a46-8c8d-5ca2-f839-04f3f13d9ae5}.Release|Any CPU.ActiveCfg = Release|Any CPU
		{b8e74a46-8c8d-5ca2-f839-04f3f13d9ae5}.Release|Any CPU.Build.0 = Release|Any CPU
		{29681f07-b317-bb45-8034-1d5a6446b8e8}.Debug|Any CPU.ActiveCfg = Debug|Any CPU
		{29681f07-b317-bb45-8034-1d5a6446b8e8}.Debug|Any CPU.Build.0 = Debug|Any CPU
		{29681f07-b317-bb45-8034-1d5a6446b8e8}.Release|Any CPU.ActiveCfg = Release|Any CPU
		{29681f07-b317-bb45-8034-1d5a6446b8e8}.Release|Any CPU.Build.0 = Release|Any CPU
		{8fac0ff0-51eb-639a-ae67-939558b0e777}.Debug|Any CPU.ActiveCfg = Debug|Any CPU
		{8fac0ff0-51eb-639a-ae67-939558b0e777}.Debug|Any CPU.Build.0 = Debug|Any CPU
		{8fac0ff0-51eb-639a-ae67-939558b0e777}.Release|Any CPU.ActiveCfg = Release|Any CPU
		{8fac0ff0-51eb-639a-ae67-939558b0e777}.Release|Any CPU.Build.0 = Release|Any CPU
		{9f9f8159-3068-4f3a-d6e3-1440833cda1f}.Debug|Any CPU.ActiveCfg = Debug|Any CPU
		{9f9f8159-3068-4f3a-d6e3-1440833cda1f}.Debug|Any CPU.Build.0 = Debug|Any CPU
		{9f9f8159-3068-4f3a-d6e3-1440833cda1f}.Release|Any CPU.ActiveCfg = Release|Any CPU
		{9f9f8159-3068-4f3a-d6e3-1440833cda1f}.Release|Any CPU.Build.0 = Release|Any CPU
	EndGlobalSection
	GlobalSection(SolutionProperties) = preSolution
		HideSolutionNode = FALSE
	EndGlobalSection
EndGlobal
